<?xml version="1.0" encoding="UTF-8"?>
<Project ToolsVersion="14.0" xmlns="http://schemas.microsoft.com/developer/msbuild/2003">
  <ItemGroup>
    <ClCompile Include="C:\Oculus\AnnwvynSDK64-2015\bullet3\test\collision\main.cpp">
      <Filter>Source Files</Filter>
    </ClCompile>
    <ClCompile Include="C:\Oculus\AnnwvynSDK64-2015\bullet3\src\BulletCollision\NarrowPhaseCollision\btVoronoiSimplexSolver.cpp">
      <Filter>Source Files</Filter>
    </ClCompile>
    <ClCompile Include="C:\Oculus\AnnwvynSDK64-2015\bullet3\src\BulletCollision\CollisionShapes\btSphereShape.cpp">
      <Filter>Source Files</Filter>
    </ClCompile>
    <ClCompile Include="C:\Oculus\AnnwvynSDK64-2015\bullet3\src\BulletCollision\CollisionShapes\btMultiSphereShape.cpp">
      <Filter>Source Files</Filter>
    </ClCompile>
    <ClCompile Include="C:\Oculus\AnnwvynSDK64-2015\bullet3\src\BulletCollision\CollisionShapes\btPolyhedralConvexShape.cpp">
      <Filter>Source Files</Filter>
    </ClCompile>
    <ClCompile Include="C:\Oculus\AnnwvynSDK64-2015\bullet3\src\BulletCollision\CollisionShapes\btConvexShape.cpp">
      <Filter>Source Files</Filter>
    </ClCompile>
    <ClCompile Include="C:\Oculus\AnnwvynSDK64-2015\bullet3\src\BulletCollision\CollisionShapes\btConvexInternalShape.cpp">
      <Filter>Source Files</Filter>
    </ClCompile>
    <ClCompile Include="C:\Oculus\AnnwvynSDK64-2015\bullet3\src\BulletCollision\CollisionShapes\btCollisionShape.cpp">
      <Filter>Source Files</Filter>
    </ClCompile>
    <ClCompile Include="C:\Oculus\AnnwvynSDK64-2015\bullet3\src\BulletCollision\CollisionShapes\btConvexPolyhedron.cpp">
      <Filter>Source Files</Filter>
    </ClCompile>
  </ItemGroup>
  <ItemGroup>
    <ClInclude Include="C:\Oculus\AnnwvynSDK64-2015\bullet3\src\BulletCollision\NarrowPhaseCollision\btVoronoiSimplexSolver.h">
      <Filter>Header Files</Filter>
    </ClInclude>
  </ItemGroup>
  <ItemGroup>
    <CustomBuild Include="C:\Oculus\AnnwvynSDK64-2015\bullet3\test\collision\CMakeLists.txt" />
  </ItemGroup>
  <ItemGroup>
    <Filter Include="Source Files">
      <UniqueIdentifier>{DBDEFCEB-30A0-3129-BE2C-A98CE84551E0}</UniqueIdentifier>
    </Filter>
    <Filter Include="Header Files">
      <UniqueIdentifier>{8BE03FC2-297F-39CA-9C2E-93D3123889FD}</UniqueIdentifier>
    </Filter>
  </ItemGroup>
</Project>
