<?xml version="1.0" encoding="UTF-8"?>
<Project ToolsVersion="14.0" xmlns="http://schemas.microsoft.com/developer/msbuild/2003">
  <ItemGroup>
    <ClCompile Include="C:\Oculus\AnnwvynSDK64-2015\bullet3\Extras\InverseDynamics\CoilCreator.cpp">
      <Filter>Source Files</Filter>
    </ClCompile>
    <ClCompile Include="C:\Oculus\AnnwvynSDK64-2015\bullet3\Extras\InverseDynamics\MultiBodyTreeCreator.cpp">
      <Filter>Source Files</Filter>
    </ClCompile>
    <ClCompile Include="C:\Oculus\AnnwvynSDK64-2015\bullet3\Extras\InverseDynamics\btMultiBodyTreeCreator.cpp">
      <Filter>Source Files</Filter>
    </ClCompile>
    <ClCompile Include="C:\Oculus\AnnwvynSDK64-2015\bullet3\Extras\InverseDynamics\DillCreator.cpp">
      <Filter>Source Files</Filter>
    </ClCompile>
    <ClCompile Include="C:\Oculus\AnnwvynSDK64-2015\bullet3\Extras\InverseDynamics\MultiBodyTreeDebugGraph.cpp">
      <Filter>Source Files</Filter>
    </ClCompile>
    <ClCompile Include="C:\Oculus\AnnwvynSDK64-2015\bullet3\Extras\InverseDynamics\invdyn_bullet_comparison.cpp">
      <Filter>Source Files</Filter>
    </ClCompile>
    <ClCompile Include="C:\Oculus\AnnwvynSDK64-2015\bullet3\Extras\InverseDynamics\IDRandomUtil.cpp">
      <Filter>Source Files</Filter>
    </ClCompile>
    <ClCompile Include="C:\Oculus\AnnwvynSDK64-2015\bullet3\Extras\InverseDynamics\SimpleTreeCreator.cpp">
      <Filter>Source Files</Filter>
    </ClCompile>
    <ClCompile Include="C:\Oculus\AnnwvynSDK64-2015\bullet3\Extras\InverseDynamics\MultiBodyNameMap.cpp">
      <Filter>Source Files</Filter>
    </ClCompile>
    <ClCompile Include="C:\Oculus\AnnwvynSDK64-2015\bullet3\Extras\InverseDynamics\User2InternalIndex.cpp">
      <Filter>Source Files</Filter>
    </ClCompile>
  </ItemGroup>
  <ItemGroup>
    <CustomBuild Include="C:\Oculus\AnnwvynSDK64-2015\bullet3\Extras\InverseDynamics\CMakeLists.txt" />
  </ItemGroup>
  <ItemGroup>
    <Filter Include="Source Files">
      <UniqueIdentifier>{DBDEFCEB-30A0-3129-BE2C-A98CE84551E0}</UniqueIdentifier>
    </Filter>
  </ItemGroup>
</Project>
