<?xml version="1.0" encoding="UTF-8"?>
<Project ToolsVersion="14.0" xmlns="http://schemas.microsoft.com/developer/msbuild/2003">
  <ItemGroup>
    <CustomBuild Include="C:\Oculus\AnnwvynSDK64-2015\bullet3\build3\CMakeFiles\1db270f4ffa4ae6271c9c10097402f71\generate.stamp.rule">
      <Filter>CMake Rules</Filter>
    </CustomBuild>
  </ItemGroup>
  <ItemGroup>
    <Filter Include="CMake Rules">
      <UniqueIdentifier>{5FDB5F4A-F4E2-3BA7-89F4-A1B6BCDE72A4}</UniqueIdentifier>
    </Filter>
  </ItemGroup>
</Project>
